# This file is automatically @generated by Poetry 1.4.2 and should not be changed by hand.

[[package]]
name = "boto3"
version = "1.26.109"
description = "The AWS SDK for Python"
category = "main"
optional = false
python-versions = ">= 3.7"
files = [
    {file = "boto3-1.26.109-py3-none-any.whl", hash = "sha256:a1c48674c2ff25ddced599c51d14ba7a6dbe9fd51641e8d63a6887bebd9712d7"},
    {file = "boto3-1.26.109.tar.gz", hash = "sha256:d388cb7f54f1a3056f91ffcfb5cf18b226454204e5df7a5c10774718c3fbb166"},
]

[package.dependencies]
botocore = ">=1.29.109,<1.30.0"
jmespath = ">=0.7.1,<2.0.0"
s3transfer = ">=0.6.0,<0.7.0"

[package.extras]
crt = ["botocore[crt] (>=1.21.0,<2.0a0)"]

[[package]]
name = "botocore"
version = "1.29.109"
description = "Low-level, data-driven core of boto 3."
category = "main"
optional = false
python-versions = ">= 3.7"
files = [
    {file = "botocore-1.29.109-py3-none-any.whl", hash = "sha256:cf43dddb7e2ba5425fe19fad68b10043307b61d9103d06566f1ab6034e38b8db"},
    {file = "botocore-1.29.109.tar.gz", hash = "sha256:2e449525f0ccedb31fdb962a77caac48b4c486c23515b84c5989a39a1823a024"},
]

[package.dependencies]
jmespath = ">=0.7.1,<2.0.0"
python-dateutil = ">=2.1,<3.0.0"
urllib3 = ">=1.25.4,<1.27"

[package.extras]
crt = ["awscrt (==0.16.9)"]

[[package]]
name = "click"
version = "8.1.3"
description = "Composable command line interface toolkit"
category = "main"
optional = false
python-versions = ">=3.7"
files = [
    {file = "click-8.1.3-py3-none-any.whl", hash = "sha256:bb4d8133cb15a609f44e8213d9b391b0809795062913b383c62be0ee95b1db48"},
    {file = "click-8.1.3.tar.gz", hash = "sha256:7682dc8afb30297001674575ea00d1814d808d6a36af415a82bd481d37ba7b8e"},
]

[package.dependencies]
colorama = {version = "*", markers = "platform_system == \"Windows\""}
importlib-metadata = {version = "*", markers = "python_version < \"3.8\""}

[[package]]
name = "colorama"
version = "0.4.6"
description = "Cross-platform colored terminal text."
category = "main"
optional = false
python-versions = "!=3.0.*,!=3.1.*,!=3.2.*,!=3.3.*,!=3.4.*,!=3.5.*,!=3.6.*,>=2.7"
files = [
    {file = "colorama-0.4.6-py2.py3-none-any.whl", hash = "sha256:4f1d9991f5acc0ca119f9d443620b77f9d6b33703e51011c16baf57afb285fc6"},
    {file = "colorama-0.4.6.tar.gz", hash = "sha256:08695f5cb7ed6e0531a20572697297273c47b8cae5a63ffc6d6ed5c201be6e44"},
]

[[package]]
name = "coverage"
version = "7.2.3"
description = "Code coverage measurement for Python"
category = "dev"
optional = false
python-versions = ">=3.7"
files = [
    {file = "coverage-7.2.3-cp310-cp310-macosx_10_9_x86_64.whl", hash = "sha256:e58c0d41d336569d63d1b113bd573db8363bc4146f39444125b7f8060e4e04f5"},
    {file = "coverage-7.2.3-cp310-cp310-macosx_11_0_arm64.whl", hash = "sha256:344e714bd0fe921fc72d97404ebbdbf9127bac0ca1ff66d7b79efc143cf7c0c4"},
    {file = "coverage-7.2.3-cp310-cp310-manylinux_2_17_aarch64.manylinux2014_aarch64.whl", hash = "sha256:974bc90d6f6c1e59ceb1516ab00cf1cdfbb2e555795d49fa9571d611f449bcb2"},
    {file = "coverage-7.2.3-cp310-cp310-manylinux_2_5_i686.manylinux1_i686.manylinux_2_17_i686.manylinux2014_i686.whl", hash = "sha256:0743b0035d4b0e32bc1df5de70fba3059662ace5b9a2a86a9f894cfe66569013"},
    {file = "coverage-7.2.3-cp310-cp310-manylinux_2_5_x86_64.manylinux1_x86_64.manylinux_2_17_x86_64.manylinux2014_x86_64.whl", hash = "sha256:5d0391fb4cfc171ce40437f67eb050a340fdbd0f9f49d6353a387f1b7f9dd4fa"},
    {file = "coverage-7.2.3-cp310-cp310-musllinux_1_1_aarch64.whl", hash = "sha256:4a42e1eff0ca9a7cb7dc9ecda41dfc7cbc17cb1d02117214be0561bd1134772b"},
    {file = "coverage-7.2.3-cp310-cp310-musllinux_1_1_i686.whl", hash = "sha256:be19931a8dcbe6ab464f3339966856996b12a00f9fe53f346ab3be872d03e257"},
    {file = "coverage-7.2.3-cp310-cp310-musllinux_1_1_x86_64.whl", hash = "sha256:72fcae5bcac3333a4cf3b8f34eec99cea1187acd55af723bcbd559adfdcb5535"},
    {file = "coverage-7.2.3-cp310-cp310-win32.whl", hash = "sha256:aeae2aa38395b18106e552833f2a50c27ea0000122bde421c31d11ed7e6f9c91"},
    {file = "coverage-7.2.3-cp310-cp310-win_amd64.whl", hash = "sha256:83957d349838a636e768251c7e9979e899a569794b44c3728eaebd11d848e58e"},
    {file = "coverage-7.2.3-cp311-cp311-macosx_10_9_x86_64.whl", hash = "sha256:dfd393094cd82ceb9b40df4c77976015a314b267d498268a076e940fe7be6b79"},
    {file = "coverage-7.2.3-cp311-cp311-macosx_11_0_arm64.whl", hash = "sha256:182eb9ac3f2b4874a1f41b78b87db20b66da6b9cdc32737fbbf4fea0c35b23fc"},
    {file = "coverage-7.2.3-cp311-cp311-manylinux_2_17_aarch64.manylinux2014_aarch64.whl", hash = "sha256:1bb1e77a9a311346294621be905ea8a2c30d3ad371fc15bb72e98bfcfae532df"},
    {file = "coverage-7.2.3-cp311-cp311-manylinux_2_5_i686.manylinux1_i686.manylinux_2_17_i686.manylinux2014_i686.whl", hash = "sha256:ca0f34363e2634deffd390a0fef1aa99168ae9ed2af01af4a1f5865e362f8623"},
    {file = "coverage-7.2.3-cp311-cp311-manylinux_2_5_x86_64.manylinux1_x86_64.manylinux_2_17_x86_64.manylinux2014_x86_64.whl", hash = "sha256:55416d7385774285b6e2a5feca0af9652f7f444a4fa3d29d8ab052fafef9d00d"},
    {file = "coverage-7.2.3-cp311-cp311-musllinux_1_1_aarch64.whl", hash = "sha256:06ddd9c0249a0546997fdda5a30fbcb40f23926df0a874a60a8a185bc3a87d93"},
    {file = "coverage-7.2.3-cp311-cp311-musllinux_1_1_i686.whl", hash = "sha256:fff5aaa6becf2c6a1699ae6a39e2e6fb0672c2d42eca8eb0cafa91cf2e9bd312"},
    {file = "coverage-7.2.3-cp311-cp311-musllinux_1_1_x86_64.whl", hash = "sha256:ea53151d87c52e98133eb8ac78f1206498c015849662ca8dc246255265d9c3c4"},
    {file = "coverage-7.2.3-cp311-cp311-win32.whl", hash = "sha256:8f6c930fd70d91ddee53194e93029e3ef2aabe26725aa3c2753df057e296b925"},
    {file = "coverage-7.2.3-cp311-cp311-win_amd64.whl", hash = "sha256:fa546d66639d69aa967bf08156eb8c9d0cd6f6de84be9e8c9819f52ad499c910"},
    {file = "coverage-7.2.3-cp37-cp37m-macosx_10_9_x86_64.whl", hash = "sha256:b2317d5ed777bf5a033e83d4f1389fd4ef045763141d8f10eb09a7035cee774c"},
    {file = "coverage-7.2.3-cp37-cp37m-manylinux_2_17_aarch64.manylinux2014_aarch64.whl", hash = "sha256:be9824c1c874b73b96288c6d3de793bf7f3a597770205068c6163ea1f326e8b9"},
    {file = "coverage-7.2.3-cp37-cp37m-manylinux_2_5_i686.manylinux1_i686.manylinux_2_17_i686.manylinux2014_i686.whl", hash = "sha256:2c3b2803e730dc2797a017335827e9da6da0e84c745ce0f552e66400abdfb9a1"},
    {file = "coverage-7.2.3-cp37-cp37m-manylinux_2_5_x86_64.manylinux1_x86_64.manylinux_2_17_x86_64.manylinux2014_x86_64.whl", hash = "sha256:8f69770f5ca1994cb32c38965e95f57504d3aea96b6c024624fdd5bb1aa494a1"},
    {file = "coverage-7.2.3-cp37-cp37m-musllinux_1_1_aarch64.whl", hash = "sha256:1127b16220f7bfb3f1049ed4a62d26d81970a723544e8252db0efde853268e21"},
    {file = "coverage-7.2.3-cp37-cp37m-musllinux_1_1_i686.whl", hash = "sha256:aa784405f0c640940595fa0f14064d8e84aff0b0f762fa18393e2760a2cf5841"},
    {file = "coverage-7.2.3-cp37-cp37m-musllinux_1_1_x86_64.whl", hash = "sha256:3146b8e16fa60427e03884301bf8209221f5761ac754ee6b267642a2fd354c48"},
    {file = "coverage-7.2.3-cp37-cp37m-win32.whl", hash = "sha256:1fd78b911aea9cec3b7e1e2622c8018d51c0d2bbcf8faaf53c2497eb114911c1"},
    {file = "coverage-7.2.3-cp37-cp37m-win_amd64.whl", hash = "sha256:0f3736a5d34e091b0a611964c6262fd68ca4363df56185902528f0b75dbb9c1f"},
    {file = "coverage-7.2.3-cp38-cp38-macosx_10_9_x86_64.whl", hash = "sha256:981b4df72c93e3bc04478153df516d385317628bd9c10be699c93c26ddcca8ab"},
    {file = "coverage-7.2.3-cp38-cp38-macosx_11_0_arm64.whl", hash = "sha256:c0045f8f23a5fb30b2eb3b8a83664d8dc4fb58faddf8155d7109166adb9f2040"},
    {file = "coverage-7.2.3-cp38-cp38-manylinux_2_17_aarch64.manylinux2014_aarch64.whl", hash = "sha256:f760073fcf8f3d6933178d67754f4f2d4e924e321f4bb0dcef0424ca0215eba1"},
    {file = "coverage-7.2.3-cp38-cp38-manylinux_2_5_i686.manylinux1_i686.manylinux_2_17_i686.manylinux2014_i686.whl", hash = "sha256:c86bd45d1659b1ae3d0ba1909326b03598affbc9ed71520e0ff8c31a993ad911"},
    {file = "coverage-7.2.3-cp38-cp38-manylinux_2_5_x86_64.manylinux1_x86_64.manylinux_2_17_x86_64.manylinux2014_x86_64.whl", hash = "sha256:172db976ae6327ed4728e2507daf8a4de73c7cc89796483e0a9198fd2e47b462"},
    {file = "coverage-7.2.3-cp38-cp38-musllinux_1_1_aarch64.whl", hash = "sha256:d2a3a6146fe9319926e1d477842ca2a63fe99af5ae690b1f5c11e6af074a6b5c"},
    {file = "coverage-7.2.3-cp38-cp38-musllinux_1_1_i686.whl", hash = "sha256:f649dd53833b495c3ebd04d6eec58479454a1784987af8afb77540d6c1767abd"},
    {file = "coverage-7.2.3-cp38-cp38-musllinux_1_1_x86_64.whl", hash = "sha256:7c4ed4e9f3b123aa403ab424430b426a1992e6f4c8fd3cb56ea520446e04d152"},
    {file = "coverage-7.2.3-cp38-cp38-win32.whl", hash = "sha256:eb0edc3ce9760d2f21637766c3aa04822030e7451981ce569a1b3456b7053f22"},
    {file = "coverage-7.2.3-cp38-cp38-win_amd64.whl", hash = "sha256:63cdeaac4ae85a179a8d6bc09b77b564c096250d759eed343a89d91bce8b6367"},
    {file = "coverage-7.2.3-cp39-cp39-macosx_10_9_x86_64.whl", hash = "sha256:20d1a2a76bb4eb00e4d36b9699f9b7aba93271c9c29220ad4c6a9581a0320235"},
    {file = "coverage-7.2.3-cp39-cp39-macosx_11_0_arm64.whl", hash = "sha256:4ea748802cc0de4de92ef8244dd84ffd793bd2e7be784cd8394d557a3c751e21"},
    {file = "coverage-7.2.3-cp39-cp39-manylinux_2_17_aarch64.manylinux2014_aarch64.whl", hash = "sha256:21b154aba06df42e4b96fc915512ab39595105f6c483991287021ed95776d934"},
    {file = "coverage-7.2.3-cp39-cp39-manylinux_2_5_i686.manylinux1_i686.manylinux_2_17_i686.manylinux2014_i686.whl", hash = "sha256:fd214917cabdd6f673a29d708574e9fbdb892cb77eb426d0eae3490d95ca7859"},
    {file = "coverage-7.2.3-cp39-cp39-manylinux_2_5_x86_64.manylinux1_x86_64.manylinux_2_17_x86_64.manylinux2014_x86_64.whl", hash = "sha256:2c2e58e45fe53fab81f85474e5d4d226eeab0f27b45aa062856c89389da2f0d9"},
    {file = "coverage-7.2.3-cp39-cp39-musllinux_1_1_aarch64.whl", hash = "sha256:87ecc7c9a1a9f912e306997ffee020297ccb5ea388421fe62a2a02747e4d5539"},
    {file = "coverage-7.2.3-cp39-cp39-musllinux_1_1_i686.whl", hash = "sha256:387065e420aed3c71b61af7e82c7b6bc1c592f7e3c7a66e9f78dd178699da4fe"},
    {file = "coverage-7.2.3-cp39-cp39-musllinux_1_1_x86_64.whl", hash = "sha256:ea3f5bc91d7d457da7d48c7a732beaf79d0c8131df3ab278e6bba6297e23c6c4"},
    {file = "coverage-7.2.3-cp39-cp39-win32.whl", hash = "sha256:ae7863a1d8db6a014b6f2ff9c1582ab1aad55a6d25bac19710a8df68921b6e30"},
    {file = "coverage-7.2.3-cp39-cp39-win_amd64.whl", hash = "sha256:3f04becd4fcda03c0160d0da9c8f0c246bc78f2f7af0feea1ec0930e7c93fa4a"},
    {file = "coverage-7.2.3-pp37.pp38.pp39-none-any.whl", hash = "sha256:965ee3e782c7892befc25575fa171b521d33798132692df428a09efacaffe8d0"},
    {file = "coverage-7.2.3.tar.gz", hash = "sha256:d298c2815fa4891edd9abe5ad6e6cb4207104c7dd9fd13aea3fdebf6f9b91259"},
]

[package.dependencies]
tomli = {version = "*", optional = true, markers = "python_full_version <= \"3.11.0a6\" and extra == \"toml\""}

[package.extras]
toml = ["tomli"]

[[package]]
name = "exceptiongroup"
version = "1.1.1"
description = "Backport of PEP 654 (exception groups)"
category = "dev"
optional = false
python-versions = ">=3.7"
files = [
    {file = "exceptiongroup-1.1.1-py3-none-any.whl", hash = "sha256:232c37c63e4f682982c8b6459f33a8981039e5fb8756b2074364e5055c498c9e"},
    {file = "exceptiongroup-1.1.1.tar.gz", hash = "sha256:d484c3090ba2889ae2928419117447a14daf3c1231d5e30d0aae34f354f01785"},
]

[package.extras]
test = ["pytest (>=6)"]

[[package]]
name = "importlib-metadata"
version = "6.2.1"
description = "Read metadata from Python packages"
category = "main"
optional = false
python-versions = ">=3.7"
files = [
    {file = "importlib_metadata-6.2.1-py3-none-any.whl", hash = "sha256:f65e478a7c2177bd19517a3a15dac094d253446d8690c5f3e71e735a04312374"},
    {file = "importlib_metadata-6.2.1.tar.gz", hash = "sha256:5a66966b39ff1c14ef5b2d60c1d842b0141fefff0f4cc6365b4bc9446c652807"},
]

[package.dependencies]
typing-extensions = {version = ">=3.6.4", markers = "python_version < \"3.8\""}
zipp = ">=0.5"

[package.extras]
docs = ["furo", "jaraco.packaging (>=9)", "jaraco.tidelift (>=1.4)", "rst.linker (>=1.9)", "sphinx (>=3.5)", "sphinx-lint"]
perf = ["ipython"]
testing = ["flake8 (<5)", "flufl.flake8", "importlib-resources (>=1.3)", "packaging", "pyfakefs", "pytest (>=6)", "pytest-black (>=0.3.7)", "pytest-checkdocs (>=2.4)", "pytest-cov", "pytest-enabler (>=1.3)", "pytest-flake8", "pytest-mypy (>=0.9.1)", "pytest-perf (>=0.9.2)"]

[[package]]
name = "iniconfig"
version = "2.0.0"
description = "brain-dead simple config-ini parsing"
category = "dev"
optional = false
python-versions = ">=3.7"
files = [
    {file = "iniconfig-2.0.0-py3-none-any.whl", hash = "sha256:b6a85871a79d2e3b22d2d1b94ac2824226a63c6b741c88f7ae975f18b6778374"},
    {file = "iniconfig-2.0.0.tar.gz", hash = "sha256:2d91e135bf72d31a410b17c16da610a82cb55f6b0477d1a902134b24a455b8b3"},
]

[[package]]
name = "jmespath"
version = "1.0.1"
description = "JSON Matching Expressions"
category = "main"
optional = false
python-versions = ">=3.7"
files = [
    {file = "jmespath-1.0.1-py3-none-any.whl", hash = "sha256:02e2e4cc71b5bcab88332eebf907519190dd9e6e82107fa7f83b1003a6252980"},
    {file = "jmespath-1.0.1.tar.gz", hash = "sha256:90261b206d6defd58fdd5e85f478bf633a2901798906be2ad389150c5c60edbe"},
]

[[package]]
name = "markdown-it-py"
version = "2.2.0"
description = "Python port of markdown-it. Markdown parsing, done right!"
category = "main"
optional = false
python-versions = ">=3.7"
files = [
    {file = "markdown-it-py-2.2.0.tar.gz", hash = "sha256:7c9a5e412688bc771c67432cbfebcdd686c93ce6484913dccf06cb5a0bea35a1"},
    {file = "markdown_it_py-2.2.0-py3-none-any.whl", hash = "sha256:5a35f8d1870171d9acc47b99612dc146129b631baf04970128b568f190d0cc30"},
]

[package.dependencies]
mdurl = ">=0.1,<1.0"
typing_extensions = {version = ">=3.7.4", markers = "python_version < \"3.8\""}

[package.extras]
benchmarking = ["psutil", "pytest", "pytest-benchmark"]
code-style = ["pre-commit (>=3.0,<4.0)"]
compare = ["commonmark (>=0.9,<1.0)", "markdown (>=3.4,<4.0)", "mistletoe (>=1.0,<2.0)", "mistune (>=2.0,<3.0)", "panflute (>=2.3,<3.0)"]
linkify = ["linkify-it-py (>=1,<3)"]
plugins = ["mdit-py-plugins"]
profiling = ["gprof2dot"]
rtd = ["attrs", "myst-parser", "pyyaml", "sphinx", "sphinx-copybutton", "sphinx-design", "sphinx_book_theme"]
testing = ["coverage", "pytest", "pytest-cov", "pytest-regressions"]

[[package]]
name = "mdurl"
version = "0.1.2"
description = "Markdown URL utilities"
category = "main"
optional = false
python-versions = ">=3.7"
files = [
    {file = "mdurl-0.1.2-py3-none-any.whl", hash = "sha256:84008a41e51615a49fc9966191ff91509e3c40b939176e643fd50a5c2196b8f8"},
    {file = "mdurl-0.1.2.tar.gz", hash = "sha256:bb413d29f5eea38f31dd4754dd7377d4465116fb207585f97bf925588687c1ba"},
]

[[package]]
name = "packaging"
version = "23.0"
description = "Core utilities for Python packages"
category = "dev"
optional = false
python-versions = ">=3.7"
files = [
    {file = "packaging-23.0-py3-none-any.whl", hash = "sha256:714ac14496c3e68c99c29b00845f7a2b85f3bb6f1078fd9f72fd20f0570002b2"},
    {file = "packaging-23.0.tar.gz", hash = "sha256:b6ad297f8907de0fa2fe1ccbd26fdaf387f5f47c7275fedf8cce89f99446cf97"},
]

[[package]]
name = "pluggy"
version = "1.0.0"
description = "plugin and hook calling mechanisms for python"
category = "dev"
optional = false
python-versions = ">=3.6"
files = [
    {file = "pluggy-1.0.0-py2.py3-none-any.whl", hash = "sha256:74134bbf457f031a36d68416e1509f34bd5ccc019f0bcc952c7b909d06b37bd3"},
    {file = "pluggy-1.0.0.tar.gz", hash = "sha256:4224373bacce55f955a878bf9cfa763c1e360858e330072059e10bad68531159"},
]

[package.dependencies]
importlib-metadata = {version = ">=0.12", markers = "python_version < \"3.8\""}

[package.extras]
dev = ["pre-commit", "tox"]
testing = ["pytest", "pytest-benchmark"]

[[package]]
name = "pyfakefs"
version = "5.2.0"
description = "pyfakefs implements a fake file system that mocks the Python file system modules."
category = "dev"
optional = false
python-versions = ">=3.7"
files = [
    {file = "pyfakefs-5.2.0-py3-none-any.whl", hash = "sha256:cf465f90c9657018e381668b6fae38e034417d937ef596968ff8b2550ad158d7"},
    {file = "pyfakefs-5.2.0.tar.gz", hash = "sha256:db570ae847f0abd44b5b67ab379f0b111e6bdcd35486eeece0ea2439c9e30766"},
]

[[package]]
name = "pygments"
version = "2.14.0"
description = "Pygments is a syntax highlighting package written in Python."
category = "main"
optional = false
python-versions = ">=3.6"
files = [
    {file = "Pygments-2.14.0-py3-none-any.whl", hash = "sha256:fa7bd7bd2771287c0de303af8bfdfc731f51bd2c6a47ab69d117138893b82717"},
    {file = "Pygments-2.14.0.tar.gz", hash = "sha256:b3ed06a9e8ac9a9aae5a6f5dbe78a8a58655d17b43b93c078f094ddc476ae297"},
]

[package.extras]
plugins = ["importlib-metadata"]

[[package]]
name = "pytest"
version = "7.3.0"
description = "pytest: simple powerful testing with Python"
category = "dev"
optional = false
python-versions = ">=3.7"
files = [
    {file = "pytest-7.3.0-py3-none-any.whl", hash = "sha256:933051fa1bfbd38a21e73c3960cebdad4cf59483ddba7696c48509727e17f201"},
    {file = "pytest-7.3.0.tar.gz", hash = "sha256:58ecc27ebf0ea643ebfdf7fb1249335da761a00c9f955bcd922349bcb68ee57d"},
]

[package.dependencies]
colorama = {version = "*", markers = "sys_platform == \"win32\""}
exceptiongroup = {version = ">=1.0.0rc8", markers = "python_version < \"3.11\""}
importlib-metadata = {version = ">=0.12", markers = "python_version < \"3.8\""}
iniconfig = "*"
packaging = "*"
pluggy = ">=0.12,<2.0"
tomli = {version = ">=1.0.0", markers = "python_version < \"3.11\""}

[package.extras]
testing = ["argcomplete", "attrs (>=19.2.0)", "hypothesis (>=3.56)", "mock", "nose", "pygments (>=2.7.2)", "requests", "xmlschema"]

[[package]]
name = "pytest-cov"
version = "4.0.0"
description = "Pytest plugin for measuring coverage."
category = "dev"
optional = false
python-versions = ">=3.6"
files = [
    {file = "pytest-cov-4.0.0.tar.gz", hash = "sha256:996b79efde6433cdbd0088872dbc5fb3ed7fe1578b68cdbba634f14bb8dd0470"},
    {file = "pytest_cov-4.0.0-py3-none-any.whl", hash = "sha256:2feb1b751d66a8bd934e5edfa2e961d11309dc37b73b0eabe73b5945fee20f6b"},
]

[package.dependencies]
coverage = {version = ">=5.2.1", extras = ["toml"]}
pytest = ">=4.6"

[package.extras]
testing = ["fields", "hunter", "process-tests", "pytest-xdist", "six", "virtualenv"]

[[package]]
name = "pytest-mock"
version = "3.10.0"
description = "Thin-wrapper around the mock package for easier use with pytest"
category = "dev"
optional = false
python-versions = ">=3.7"
files = [
    {file = "pytest-mock-3.10.0.tar.gz", hash = "sha256:fbbdb085ef7c252a326fd8cdcac0aa3b1333d8811f131bdcc701002e1be7ed4f"},
    {file = "pytest_mock-3.10.0-py3-none-any.whl", hash = "sha256:f4c973eeae0282963eb293eb173ce91b091a79c1334455acfac9ddee8a1c784b"},
]

[package.dependencies]
pytest = ">=5.0"

[package.extras]
dev = ["pre-commit", "pytest-asyncio", "tox"]

[[package]]
name = "python-dateutil"
version = "2.8.2"
description = "Extensions to the standard Python datetime module"
category = "main"
optional = false
python-versions = "!=3.0.*,!=3.1.*,!=3.2.*,>=2.7"
files = [
    {file = "python-dateutil-2.8.2.tar.gz", hash = "sha256:0123cacc1627ae19ddf3c27a5de5bd67ee4586fbdd6440d9748f8abb483d3e86"},
    {file = "python_dateutil-2.8.2-py2.py3-none-any.whl", hash = "sha256:961d03dc3453ebbc59dbdea9e4e11c5651520a876d0f4db161e8674aae935da9"},
]

[package.dependencies]
six = ">=1.5"

[[package]]
name = "rich"
version = "13.3.3"
description = "Render rich text, tables, progress bars, syntax highlighting, markdown and more to the terminal"
category = "main"
optional = false
python-versions = ">=3.7.0"
files = [
    {file = "rich-13.3.3-py3-none-any.whl", hash = "sha256:540c7d6d26a1178e8e8b37e9ba44573a3cd1464ff6348b99ee7061b95d1c6333"},
    {file = "rich-13.3.3.tar.gz", hash = "sha256:dc84400a9d842b3a9c5ff74addd8eb798d155f36c1c91303888e0a66850d2a15"},
]

[package.dependencies]
markdown-it-py = ">=2.2.0,<3.0.0"
pygments = ">=2.13.0,<3.0.0"
typing-extensions = {version = ">=4.0.0,<5.0", markers = "python_version < \"3.9\""}

[package.extras]
jupyter = ["ipywidgets (>=7.5.1,<9)"]

[[package]]
name = "s3transfer"
version = "0.6.0"
description = "An Amazon S3 Transfer Manager"
category = "main"
optional = false
python-versions = ">= 3.7"
files = [
    {file = "s3transfer-0.6.0-py3-none-any.whl", hash = "sha256:06176b74f3a15f61f1b4f25a1fc29a4429040b7647133a463da8fa5bd28d5ecd"},
    {file = "s3transfer-0.6.0.tar.gz", hash = "sha256:2ed07d3866f523cc561bf4a00fc5535827981b117dd7876f036b0c1aca42c947"},
]

[package.dependencies]
botocore = ">=1.12.36,<2.0a.0"

[package.extras]
crt = ["botocore[crt] (>=1.20.29,<2.0a.0)"]

[[package]]
name = "six"
version = "1.16.0"
description = "Python 2 and 3 compatibility utilities"
category = "main"
optional = false
python-versions = ">=2.7, !=3.0.*, !=3.1.*, !=3.2.*"
files = [
    {file = "six-1.16.0-py2.py3-none-any.whl", hash = "sha256:8abb2f1d86890a2dfb989f9a77cfcfd3e47c2a354b01111771326f8aa26e0254"},
    {file = "six-1.16.0.tar.gz", hash = "sha256:1e61c37477a1626458e36f7b1d82aa5c9b094fa4802892072e49de9c60c4c926"},
]

[[package]]
name = "tomli"
version = "2.0.1"
description = "A lil' TOML parser"
category = "dev"
optional = false
python-versions = ">=3.7"
files = [
    {file = "tomli-2.0.1-py3-none-any.whl", hash = "sha256:939de3e7a6161af0c887ef91b7d41a53e7c5a1ca976325f429cb46ea9bc30ecc"},
    {file = "tomli-2.0.1.tar.gz", hash = "sha256:de526c12914f0c550d15924c62d72abc48d6fe7364aa87328337a31007fe8a4f"},
]

[[package]]
name = "typer"
version = "0.7.0"
description = "Typer, build great CLIs. Easy to code. Based on Python type hints."
category = "main"
optional = false
python-versions = ">=3.6"
files = [
    {file = "typer-0.7.0-py3-none-any.whl", hash = "sha256:b5e704f4e48ec263de1c0b3a2387cd405a13767d2f907f44c1a08cbad96f606d"},
    {file = "typer-0.7.0.tar.gz", hash = "sha256:ff797846578a9f2a201b53442aedeb543319466870fbe1c701eab66dd7681165"},
]

[package.dependencies]
click = ">=7.1.1,<9.0.0"

[package.extras]
all = ["colorama (>=0.4.3,<0.5.0)", "rich (>=10.11.0,<13.0.0)", "shellingham (>=1.3.0,<2.0.0)"]
dev = ["autoflake (>=1.3.1,<2.0.0)", "flake8 (>=3.8.3,<4.0.0)", "pre-commit (>=2.17.0,<3.0.0)"]
doc = ["cairosvg (>=2.5.2,<3.0.0)", "mdx-include (>=1.4.1,<2.0.0)", "mkdocs (>=1.1.2,<2.0.0)", "mkdocs-material (>=8.1.4,<9.0.0)", "pillow (>=9.3.0,<10.0.0)"]
test = ["black (>=22.3.0,<23.0.0)", "coverage (>=6.2,<7.0)", "isort (>=5.0.6,<6.0.0)", "mypy (==0.910)", "pytest (>=4.4.0,<8.0.0)", "pytest-cov (>=2.10.0,<5.0.0)", "pytest-sugar (>=0.9.4,<0.10.0)", "pytest-xdist (>=1.32.0,<4.0.0)", "rich (>=10.11.0,<13.0.0)", "shellingham (>=1.3.0,<2.0.0)"]

[[package]]
name = "typing-extensions"
version = "4.5.0"
description = "Backported and Experimental Type Hints for Python 3.7+"
category = "main"
optional = false
python-versions = ">=3.7"
files = [
    {file = "typing_extensions-4.5.0-py3-none-any.whl", hash = "sha256:fb33085c39dd998ac16d1431ebc293a8b3eedd00fd4a32de0ff79002c19511b4"},
    {file = "typing_extensions-4.5.0.tar.gz", hash = "sha256:5cb5f4a79139d699607b3ef622a1dedafa84e115ab0024e0d9c044a9479ca7cb"},
]

[[package]]
name = "urllib3"
version = "1.26.15"
description = "HTTP library with thread-safe connection pooling, file post, and more."
category = "main"
optional = false
python-versions = ">=2.7, !=3.0.*, !=3.1.*, !=3.2.*, !=3.3.*, !=3.4.*, !=3.5.*"
files = [
    {file = "urllib3-1.26.15-py2.py3-none-any.whl", hash = "sha256:aa751d169e23c7479ce47a0cb0da579e3ede798f994f5816a74e4f4500dcea42"},
    {file = "urllib3-1.26.15.tar.gz", hash = "sha256:8a388717b9476f934a21484e8c8e61875ab60644d29b9b39e11e4b9dc1c6b305"},
]

[package.extras]
brotli = ["brotli (>=1.0.9)", "brotlicffi (>=0.8.0)", "brotlipy (>=0.6.0)"]
secure = ["certifi", "cryptography (>=1.3.4)", "idna (>=2.0.0)", "ipaddress", "pyOpenSSL (>=0.14)", "urllib3-secure-extra"]
socks = ["PySocks (>=1.5.6,!=1.5.7,<2.0)"]

[[package]]
name = "zipp"
version = "3.15.0"
description = "Backport of pathlib-compatible object wrapper for zip files"
category = "main"
optional = false
python-versions = ">=3.7"
files = [
    {file = "zipp-3.15.0-py3-none-any.whl", hash = "sha256:48904fc76a60e542af151aded95726c1a5c34ed43ab4134b597665c86d7ad556"},
    {file = "zipp-3.15.0.tar.gz", hash = "sha256:112929ad649da941c23de50f356a2b5570c954b65150642bccdd66bf194d224b"},
]

[package.extras]
docs = ["furo", "jaraco.packaging (>=9)", "jaraco.tidelift (>=1.4)", "rst.linker (>=1.9)", "sphinx (>=3.5)", "sphinx-lint"]
testing = ["big-O", "flake8 (<5)", "jaraco.functools", "jaraco.itertools", "more-itertools", "pytest (>=6)", "pytest-black (>=0.3.7)", "pytest-checkdocs (>=2.4)", "pytest-cov", "pytest-enabler (>=1.3)", "pytest-flake8", "pytest-mypy (>=0.9.1)"]

[metadata]
lock-version = "2.0"
python-versions = "^3.7"
content-hash = "3107ba3c6e919efe8915279eb9b1191dfd97df31f6446edc6ed90582319a659f"
